
Microsoft Visual Studio Solution File, Format Version 12.00
# Visual Studio 14
VisualStudioVersion = 14.0.24720.0
MinimumVisualStudioVersion = 10.0.40219.1
Project("{FAE04EC0-301F-11D3-BF4B-00C04F79EFBC}") = "Tareas.Droid", "Tareas.Droid\Tareas.Droid.csproj", "{25383362-148E-4EEE-84A0-C6A9FDD3B0DD}"
EndProject
Project("{FAE04EC0-301F-11D3-BF4B-00C04F79EFBC}") = "Tareas.Core", "Tareas.Core\Tareas.Core.csproj", "{5AD49AFB-6129-422B-B114-7FCFBD84672D}"
EndProject
Project("{FAE04EC0-301F-11D3-BF4B-00C04F79EFBC}") = "DataModel", "DataModel\DataModel.csproj", "{20A803DF-C84F-4342-B681-4F74BF8D7579}"
EndProject
Global
	GlobalSection(SolutionConfigurationPlatforms) = preSolution
		Debug|Any CPU = Debug|Any CPU
		Release|Any CPU = Release|Any CPU
	EndGlobalSection
	GlobalSection(ProjectConfigurationPlatforms) = postSolution
		{25383362-148E-4EEE-84A0-C6A9FDD3B0DD}.Debug|Any CPU.ActiveCfg = Debug|Any CPU
		{25383362-148E-4EEE-84A0-C6A9FDD3B0DD}.Debug|Any CPU.Build.0 = Debug|Any CPU
		{25383362-148E-4EEE-84A0-C6A9FDD3B0DD}.Debug|Any CPU.Deploy.0 = Debug|Any CPU
		{25383362-148E-4EEE-84A0-C6A9FDD3B0DD}.Release|Any CPU.ActiveCfg = Release|Any CPU
		{25383362-148E-4EEE-84A0-C6A9FDD3B0DD}.Release|Any CPU.Build.0 = Release|Any CPU
		{25383362-148E-4EEE-84A0-C6A9FDD3B0DD}.Release|Any CPU.Deploy.0 = Release|Any CPU
		{5AD49AFB-6129-422B-B114-7FCFBD84672D}.Debug|Any CPU.ActiveCfg = Debug|Any CPU
		{5AD49AFB-6129-422B-B114-7FCFBD84672D}.Debug|Any CPU.Build.0 = Debug|Any CPU
		{5AD49AFB-6129-422B-B114-7FCFBD84672D}.Release|Any CPU.ActiveCfg = Release|Any CPU
		{5AD49AFB-6129-422B-B114-7FCFBD84672D}.Release|Any CPU.Build.0 = Release|Any CPU
		{20A803DF-C84F-4342-B681-4F74BF8D7579}.Debug|Any CPU.ActiveCfg = Debug|Any CPU
		{20A803DF-C84F-4342-B681-4F74BF8D7579}.Debug|Any CPU.Build.0 = Debug|Any CPU
		{20A803DF-C84F-4342-B681-4F74BF8D7579}.Release|Any CPU.ActiveCfg = Release|Any CPU
		{20A803DF-C84F-4342-B681-4F74BF8D7579}.Release|Any CPU.Build.0 = Release|Any CPU
	EndGlobalSection
	GlobalSection(SolutionProperties) = preSolution
		HideSolutionNode = FALSE
	EndGlobalSection
EndGlobal
